
Microsoft Visual Studio Solution File, Format Version 12.00
# Visual Studio 15
VisualStudioVersion = 15.0.27130.2003
MinimumVisualStudioVersion = 10.0.40219.1
Project("{F184B08F-C81C-45F6-A57F-5ABD9991F28F}") = "WPFZ80MapEditor", "WPFZ80MapEditor\WPFZ80MapEditor.vbproj", "{3B403A9F-D296-41ED-8863-5F2E223A1E90}"
	ProjectSection(ProjectDependencies) = postProject
		{9472BBF2-0E54-43DD-B1E7-E4F9BBC1FCDB} = {9472BBF2-0E54-43DD-B1E7-E4F9BBC1FCDB}
	EndProjectSection
EndProject
Project("{F184B08F-C81C-45F6-A57F-5ABD9991F28F}") = "WPFZ80MapEditorTest", "WPFZ80MapEditorTest\WPFZ80MapEditorTest.vbproj", "{CC981F3F-D70D-4E44-A2F6-D14D5F9D401D}"
EndProject
Project("{F184B08F-C81C-45F6-A57F-5ABD9991F28F}") = "WPFZ80MapEditorExe", "WPFZ80MapEditorExe\WPFZ80MapEditorExe.vbproj", "{F18F723E-B20B-4B2D-8E00-6DC640DB7EE3}"
EndProject
Project("{8BC9CEB8-8B4A-11D0-8D11-00A0C91BC942}") = "SPASM", "..\spasm\src\SPASM.vcxproj", "{106FF797-6997-43F1-88E3-7D6C0D8A6F3F}"
EndProject
Project("{FAE04EC0-301F-11D3-BF4B-00C04F79EFBC}") = "010.Irony.2012", "Irony\010.Irony.2012.csproj", "{D81F5C91-D7DB-46E5-BC99-49488FB6814C}"
EndProject
Project("{F184B08F-C81C-45F6-A57F-5ABD9991F28F}") = "VB Zelda Script Compiler", "VB Zelda Script Compiler\VB Zelda Script Compiler.vbproj", "{8FDFD321-C6C3-4FAE-A105-8FE633D397B6}"
EndProject
Project("{8BC9CEB8-8B4A-11D0-8D11-00A0C91BC942}") = "Wabbitemu", "..\wabbitemu\Wabbitemu.vcxproj", "{9472BBF2-0E54-43DD-B1E7-E4F9BBC1FCDB}"
EndProject
Global
	GlobalSection(SolutionConfigurationPlatforms) = preSolution
		Debug DLL|Any CPU = Debug DLL|Any CPU
		Debug DLL|x64 = Debug DLL|x64
		Debug DLL|x86 = Debug DLL|x86
		Debug|Any CPU = Debug|Any CPU
		Debug|x64 = Debug|x64
		Debug|x86 = Debug|x86
		Library Debug|Any CPU = Library Debug|Any CPU
		Library Debug|x64 = Library Debug|x64
		Library Debug|x86 = Library Debug|x86
		Release DLL|Any CPU = Release DLL|Any CPU
		Release DLL|x64 = Release DLL|x64
		Release DLL|x86 = Release DLL|x86
		Release|Any CPU = Release|Any CPU
		Release|x64 = Release|x64
		Release|x86 = Release|x86
		Test|Any CPU = Test|Any CPU
		Test|x64 = Test|x64
		Test|x86 = Test|x86
		WabbitComp Debug|Any CPU = WabbitComp Debug|Any CPU
		WabbitComp Debug|x64 = WabbitComp Debug|x64
		WabbitComp Debug|x86 = WabbitComp Debug|x86
		WabbitComp Release|Any CPU = WabbitComp Release|Any CPU
		WabbitComp Release|x64 = WabbitComp Release|x64
		WabbitComp Release|x86 = WabbitComp Release|x86
		Wabbitemu Release|Any CPU = Wabbitemu Release|Any CPU
		Wabbitemu Release|x64 = Wabbitemu Release|x64
		Wabbitemu Release|x86 = Wabbitemu Release|x86
		WindowsPhone8|Any CPU = WindowsPhone8|Any CPU
		WindowsPhone8|x64 = WindowsPhone8|x64
		WindowsPhone8|x86 = WindowsPhone8|x86
	EndGlobalSection
	GlobalSection(ProjectConfigurationPlatforms) = postSolution
		{3B403A9F-D296-41ED-8863-5F2E223A1E90}.Debug DLL|Any CPU.ActiveCfg = Debug|Any CPU
		{3B403A9F-D296-41ED-8863-5F2E223A1E90}.Debug DLL|Any CPU.Build.0 = Debug|Any CPU
		{3B403A9F-D296-41ED-8863-5F2E223A1E90}.Debug DLL|x64.ActiveCfg = Debug|x64
		{3B403A9F-D296-41ED-8863-5F2E223A1E90}.Debug DLL|x64.Build.0 = Debug|x64
		{3B403A9F-D296-41ED-8863-5F2E223A1E90}.Debug DLL|x86.ActiveCfg = Debug|x86
		{3B403A9F-D296-41ED-8863-5F2E223A1E90}.Debug DLL|x86.Build.0 = Debug|x86
		{3B403A9F-D296-41ED-8863-5F2E223A1E90}.Debug|Any CPU.ActiveCfg = Debug|x86
		{3B403A9F-D296-41ED-8863-5F2E223A1E90}.Debug|Any CPU.Build.0 = Debug|x86
		{3B403A9F-D296-41ED-8863-5F2E223A1E90}.Debug|x64.ActiveCfg = Debug|x64
		{3B403A9F-D296-41ED-8863-5F2E223A1E90}.Debug|x64.Build.0 = Debug|x64
		{3B403A9F-D296-41ED-8863-5F2E223A1E90}.Debug|x86.ActiveCfg = Debug|x64
		{3B403A9F-D296-41ED-8863-5F2E223A1E90}.Debug|x86.Build.0 = Debug|x64
		{3B403A9F-D296-41ED-8863-5F2E223A1E90}.Library Debug|Any CPU.ActiveCfg = WPFZ80MapEditorLib|x86
		{3B403A9F-D296-41ED-8863-5F2E223A1E90}.Library Debug|Any CPU.Build.0 = WPFZ80MapEditorLib|x86
		{3B403A9F-D296-41ED-8863-5F2E223A1E90}.Library Debug|x64.ActiveCfg = WPFZ80MapEditorLib|x64
		{3B403A9F-D296-41ED-8863-5F2E223A1E90}.Library Debug|x64.Build.0 = WPFZ80MapEditorLib|x64
		{3B403A9F-D296-41ED-8863-5F2E223A1E90}.Library Debug|x86.ActiveCfg = WPFZ80MapEditorLib|x86
		{3B403A9F-D296-41ED-8863-5F2E223A1E90}.Library Debug|x86.Build.0 = WPFZ80MapEditorLib|x86
		{3B403A9F-D296-41ED-8863-5F2E223A1E90}.Release DLL|Any CPU.ActiveCfg = Release|Any CPU
		{3B403A9F-D296-41ED-8863-5F2E223A1E90}.Release DLL|Any CPU.Build.0 = Release|Any CPU
		{3B403A9F-D296-41ED-8863-5F2E223A1E90}.Release DLL|x64.ActiveCfg = Release|x64
		{3B403A9F-D296-41ED-8863-5F2E223A1E90}.Release DLL|x64.Build.0 = Release|x64
		{3B403A9F-D296-41ED-8863-5F2E223A1E90}.Release DLL|x86.ActiveCfg = Release|x86
		{3B403A9F-D296-41ED-8863-5F2E223A1E90}.Release DLL|x86.Build.0 = Release|x86
		{3B403A9F-D296-41ED-8863-5F2E223A1E90}.Release|Any CPU.ActiveCfg = Release|x86
		{3B403A9F-D296-41ED-8863-5F2E223A1E90}.Release|Any CPU.Build.0 = Release|x86
		{3B403A9F-D296-41ED-8863-5F2E223A1E90}.Release|x64.ActiveCfg = Release|x86
		{3B403A9F-D296-41ED-8863-5F2E223A1E90}.Release|x64.Build.0 = Release|x86
		{3B403A9F-D296-41ED-8863-5F2E223A1E90}.Release|x86.ActiveCfg = Release|x86
		{3B403A9F-D296-41ED-8863-5F2E223A1E90}.Release|x86.Build.0 = Release|x86
		{3B403A9F-D296-41ED-8863-5F2E223A1E90}.Test|Any CPU.ActiveCfg = WPFZ80MapEditorLib|Any CPU
		{3B403A9F-D296-41ED-8863-5F2E223A1E90}.Test|Any CPU.Build.0 = WPFZ80MapEditorLib|Any CPU
		{3B403A9F-D296-41ED-8863-5F2E223A1E90}.Test|x64.ActiveCfg = Release|x64
		{3B403A9F-D296-41ED-8863-5F2E223A1E90}.Test|x64.Build.0 = Release|x64
		{3B403A9F-D296-41ED-8863-5F2E223A1E90}.Test|x86.ActiveCfg = Release|x86
		{3B403A9F-D296-41ED-8863-5F2E223A1E90}.Test|x86.Build.0 = Release|x86
		{3B403A9F-D296-41ED-8863-5F2E223A1E90}.WabbitComp Debug|Any CPU.ActiveCfg = Debug|Any CPU
		{3B403A9F-D296-41ED-8863-5F2E223A1E90}.WabbitComp Debug|Any CPU.Build.0 = Debug|Any CPU
		{3B403A9F-D296-41ED-8863-5F2E223A1E90}.WabbitComp Debug|x64.ActiveCfg = Debug|x64
		{3B403A9F-D296-41ED-8863-5F2E223A1E90}.WabbitComp Debug|x64.Build.0 = Debug|x64
		{3B403A9F-D296-41ED-8863-5F2E223A1E90}.WabbitComp Debug|x86.ActiveCfg = Debug|x86
		{3B403A9F-D296-41ED-8863-5F2E223A1E90}.WabbitComp Debug|x86.Build.0 = Debug|x86
		{3B403A9F-D296-41ED-8863-5F2E223A1E90}.WabbitComp Release|Any CPU.ActiveCfg = Release|Any CPU
		{3B403A9F-D296-41ED-8863-5F2E223A1E90}.WabbitComp Release|Any CPU.Build.0 = Release|Any CPU
		{3B403A9F-D296-41ED-8863-5F2E223A1E90}.WabbitComp Release|x64.ActiveCfg = Release|x64
		{3B403A9F-D296-41ED-8863-5F2E223A1E90}.WabbitComp Release|x64.Build.0 = Release|x64
		{3B403A9F-D296-41ED-8863-5F2E223A1E90}.WabbitComp Release|x86.ActiveCfg = Release|x86
		{3B403A9F-D296-41ED-8863-5F2E223A1E90}.WabbitComp Release|x86.Build.0 = Release|x86
		{3B403A9F-D296-41ED-8863-5F2E223A1E90}.Wabbitemu Release|Any CPU.ActiveCfg = Release|Any CPU
		{3B403A9F-D296-41ED-8863-5F2E223A1E90}.Wabbitemu Release|Any CPU.Build.0 = Release|Any CPU
		{3B403A9F-D296-41ED-8863-5F2E223A1E90}.Wabbitemu Release|x64.ActiveCfg = Release|x64
		{3B403A9F-D296-41ED-8863-5F2E223A1E90}.Wabbitemu Release|x64.Build.0 = Release|x64
		{3B403A9F-D296-41ED-8863-5F2E223A1E90}.Wabbitemu Release|x86.ActiveCfg = Release|x86
		{3B403A9F-D296-41ED-8863-5F2E223A1E90}.Wabbitemu Release|x86.Build.0 = Release|x86
		{3B403A9F-D296-41ED-8863-5F2E223A1E90}.WindowsPhone8|Any CPU.ActiveCfg = WPFZ80MapEditorLib|Any CPU
		{3B403A9F-D296-41ED-8863-5F2E223A1E90}.WindowsPhone8|Any CPU.Build.0 = WPFZ80MapEditorLib|Any CPU
		{3B403A9F-D296-41ED-8863-5F2E223A1E90}.WindowsPhone8|x64.ActiveCfg = WPFZ80MapEditorLib|x64
		{3B403A9F-D296-41ED-8863-5F2E223A1E90}.WindowsPhone8|x64.Build.0 = WPFZ80MapEditorLib|x64
		{3B403A9F-D296-41ED-8863-5F2E223A1E90}.WindowsPhone8|x86.ActiveCfg = WPFZ80MapEditorLib|x86
		{3B403A9F-D296-41ED-8863-5F2E223A1E90}.WindowsPhone8|x86.Build.0 = WPFZ80MapEditorLib|x86
		{CC981F3F-D70D-4E44-A2F6-D14D5F9D401D}.Debug DLL|Any CPU.ActiveCfg = Debug|Any CPU
		{CC981F3F-D70D-4E44-A2F6-D14D5F9D401D}.Debug DLL|Any CPU.Build.0 = Debug|Any CPU
		{CC981F3F-D70D-4E44-A2F6-D14D5F9D401D}.Debug DLL|x64.ActiveCfg = Debug|x64
		{CC981F3F-D70D-4E44-A2F6-D14D5F9D401D}.Debug DLL|x64.Build.0 = Debug|x64
		{CC981F3F-D70D-4E44-A2F6-D14D5F9D401D}.Debug DLL|x86.ActiveCfg = Debug|Any CPU
		{CC981F3F-D70D-4E44-A2F6-D14D5F9D401D}.Debug DLL|x86.Build.0 = Debug|Any CPU
		{CC981F3F-D70D-4E44-A2F6-D14D5F9D401D}.Debug|Any CPU.ActiveCfg = Debug|Any CPU
		{CC981F3F-D70D-4E44-A2F6-D14D5F9D401D}.Debug|Any CPU.Build.0 = Debug|Any CPU
		{CC981F3F-D70D-4E44-A2F6-D14D5F9D401D}.Debug|x64.ActiveCfg = Debug|x64
		{CC981F3F-D70D-4E44-A2F6-D14D5F9D401D}.Debug|x64.Build.0 = Debug|x64
		{CC981F3F-D70D-4E44-A2F6-D14D5F9D401D}.Debug|x86.ActiveCfg = Debug|Any CPU
		{CC981F3F-D70D-4E44-A2F6-D14D5F9D401D}.Library Debug|Any CPU.ActiveCfg = WPFZ80MapEditorLib|Any CPU
		{CC981F3F-D70D-4E44-A2F6-D14D5F9D401D}.Library Debug|Any CPU.Build.0 = WPFZ80MapEditorLib|Any CPU
		{CC981F3F-D70D-4E44-A2F6-D14D5F9D401D}.Library Debug|x64.ActiveCfg = WPFZ80MapEditorLib|Any CPU
		{CC981F3F-D70D-4E44-A2F6-D14D5F9D401D}.Library Debug|x86.ActiveCfg = WPFZ80MapEditorLib|Any CPU
		{CC981F3F-D70D-4E44-A2F6-D14D5F9D401D}.Release DLL|Any CPU.ActiveCfg = Release|Any CPU
		{CC981F3F-D70D-4E44-A2F6-D14D5F9D401D}.Release DLL|Any CPU.Build.0 = Release|Any CPU
		{CC981F3F-D70D-4E44-A2F6-D14D5F9D401D}.Release DLL|x64.ActiveCfg = Release|x64
		{CC981F3F-D70D-4E44-A2F6-D14D5F9D401D}.Release DLL|x64.Build.0 = Release|x64
		{CC981F3F-D70D-4E44-A2F6-D14D5F9D401D}.Release DLL|x86.ActiveCfg = Release|Any CPU
		{CC981F3F-D70D-4E44-A2F6-D14D5F9D401D}.Release DLL|x86.Build.0 = Release|Any CPU
		{CC981F3F-D70D-4E44-A2F6-D14D5F9D401D}.Release|Any CPU.ActiveCfg = Release|Any CPU
		{CC981F3F-D70D-4E44-A2F6-D14D5F9D401D}.Release|Any CPU.Build.0 = Release|Any CPU
		{CC981F3F-D70D-4E44-A2F6-D14D5F9D401D}.Release|x64.ActiveCfg = Release|Any CPU
		{CC981F3F-D70D-4E44-A2F6-D14D5F9D401D}.Release|x86.ActiveCfg = Release|Any CPU
		{CC981F3F-D70D-4E44-A2F6-D14D5F9D401D}.Test|Any CPU.ActiveCfg = Release|Any CPU
		{CC981F3F-D70D-4E44-A2F6-D14D5F9D401D}.Test|Any CPU.Build.0 = Release|Any CPU
		{CC981F3F-D70D-4E44-A2F6-D14D5F9D401D}.Test|x64.ActiveCfg = WPFZ80MapEditorLib|x64
		{CC981F3F-D70D-4E44-A2F6-D14D5F9D401D}.Test|x64.Build.0 = WPFZ80MapEditorLib|x64
		{CC981F3F-D70D-4E44-A2F6-D14D5F9D401D}.Test|x86.ActiveCfg = Release|Any CPU
		{CC981F3F-D70D-4E44-A2F6-D14D5F9D401D}.Test|x86.Build.0 = Release|Any CPU
		{CC981F3F-D70D-4E44-A2F6-D14D5F9D401D}.WabbitComp Debug|Any CPU.ActiveCfg = Debug|Any CPU
		{CC981F3F-D70D-4E44-A2F6-D14D5F9D401D}.WabbitComp Debug|Any CPU.Build.0 = Debug|Any CPU
		{CC981F3F-D70D-4E44-A2F6-D14D5F9D401D}.WabbitComp Debug|x64.ActiveCfg = Debug|x64
		{CC981F3F-D70D-4E44-A2F6-D14D5F9D401D}.WabbitComp Debug|x64.Build.0 = Debug|x64
		{CC981F3F-D70D-4E44-A2F6-D14D5F9D401D}.WabbitComp Debug|x86.ActiveCfg = Debug|Any CPU
		{CC981F3F-D70D-4E44-A2F6-D14D5F9D401D}.WabbitComp Debug|x86.Build.0 = Debug|Any CPU
		{CC981F3F-D70D-4E44-A2F6-D14D5F9D401D}.WabbitComp Release|Any CPU.ActiveCfg = Release|Any CPU
		{CC981F3F-D70D-4E44-A2F6-D14D5F9D401D}.WabbitComp Release|Any CPU.Build.0 = Release|Any CPU
		{CC981F3F-D70D-4E44-A2F6-D14D5F9D401D}.WabbitComp Release|x64.ActiveCfg = Release|x64
		{CC981F3F-D70D-4E44-A2F6-D14D5F9D401D}.WabbitComp Release|x64.Build.0 = Release|x64
		{CC981F3F-D70D-4E44-A2F6-D14D5F9D401D}.WabbitComp Release|x86.ActiveCfg = Release|Any CPU
		{CC981F3F-D70D-4E44-A2F6-D14D5F9D401D}.WabbitComp Release|x86.Build.0 = Release|Any CPU
		{CC981F3F-D70D-4E44-A2F6-D14D5F9D401D}.Wabbitemu Release|Any CPU.ActiveCfg = Release|Any CPU
		{CC981F3F-D70D-4E44-A2F6-D14D5F9D401D}.Wabbitemu Release|Any CPU.Build.0 = Release|Any CPU
		{CC981F3F-D70D-4E44-A2F6-D14D5F9D401D}.Wabbitemu Release|x64.ActiveCfg = Release|x64
		{CC981F3F-D70D-4E44-A2F6-D14D5F9D401D}.Wabbitemu Release|x64.Build.0 = Release|x64
		{CC981F3F-D70D-4E44-A2F6-D14D5F9D401D}.Wabbitemu Release|x86.ActiveCfg = Release|Any CPU
		{CC981F3F-D70D-4E44-A2F6-D14D5F9D401D}.Wabbitemu Release|x86.Build.0 = Release|Any CPU
		{CC981F3F-D70D-4E44-A2F6-D14D5F9D401D}.WindowsPhone8|Any CPU.ActiveCfg = WPFZ80MapEditorLib|Any CPU
		{CC981F3F-D70D-4E44-A2F6-D14D5F9D401D}.WindowsPhone8|Any CPU.Build.0 = WPFZ80MapEditorLib|Any CPU
		{CC981F3F-D70D-4E44-A2F6-D14D5F9D401D}.WindowsPhone8|x64.ActiveCfg = WPFZ80MapEditorLib|x64
		{CC981F3F-D70D-4E44-A2F6-D14D5F9D401D}.WindowsPhone8|x64.Build.0 = WPFZ80MapEditorLib|x64
		{CC981F3F-D70D-4E44-A2F6-D14D5F9D401D}.WindowsPhone8|x86.ActiveCfg = WPFZ80MapEditorLib|Any CPU
		{CC981F3F-D70D-4E44-A2F6-D14D5F9D401D}.WindowsPhone8|x86.Build.0 = WPFZ80MapEditorLib|Any CPU
		{F18F723E-B20B-4B2D-8E00-6DC640DB7EE3}.Debug DLL|Any CPU.ActiveCfg = Debug|Any CPU
		{F18F723E-B20B-4B2D-8E00-6DC640DB7EE3}.Debug DLL|Any CPU.Build.0 = Debug|Any CPU
		{F18F723E-B20B-4B2D-8E00-6DC640DB7EE3}.Debug DLL|x64.ActiveCfg = Debug|x64
		{F18F723E-B20B-4B2D-8E00-6DC640DB7EE3}.Debug DLL|x64.Build.0 = Debug|x64
		{F18F723E-B20B-4B2D-8E00-6DC640DB7EE3}.Debug DLL|x86.ActiveCfg = Debug|Any CPU
		{F18F723E-B20B-4B2D-8E00-6DC640DB7EE3}.Debug DLL|x86.Build.0 = Debug|Any CPU
		{F18F723E-B20B-4B2D-8E00-6DC640DB7EE3}.Debug|Any CPU.ActiveCfg = Debug|x64
		{F18F723E-B20B-4B2D-8E00-6DC640DB7EE3}.Debug|Any CPU.Build.0 = Debug|x64
		{F18F723E-B20B-4B2D-8E00-6DC640DB7EE3}.Debug|x64.ActiveCfg = Debug|x64
		{F18F723E-B20B-4B2D-8E00-6DC640DB7EE3}.Debug|x64.Build.0 = Debug|x64
		{F18F723E-B20B-4B2D-8E00-6DC640DB7EE3}.Debug|x86.ActiveCfg = Debug|Any CPU
		{F18F723E-B20B-4B2D-8E00-6DC640DB7EE3}.Library Debug|Any CPU.ActiveCfg = Debug|Any CPU
		{F18F723E-B20B-4B2D-8E00-6DC640DB7EE3}.Library Debug|Any CPU.Build.0 = Debug|Any CPU
		{F18F723E-B20B-4B2D-8E00-6DC640DB7EE3}.Library Debug|x64.ActiveCfg = Debug|Any CPU
		{F18F723E-B20B-4B2D-8E00-6DC640DB7EE3}.Library Debug|x86.ActiveCfg = Debug|Any CPU
		{F18F723E-B20B-4B2D-8E00-6DC640DB7EE3}.Release DLL|Any CPU.ActiveCfg = Release|Any CPU
		{F18F723E-B20B-4B2D-8E00-6DC640DB7EE3}.Release DLL|Any CPU.Build.0 = Release|Any CPU
		{F18F723E-B20B-4B2D-8E00-6DC640DB7EE3}.Release DLL|x64.ActiveCfg = Release|x64
		{F18F723E-B20B-4B2D-8E00-6DC640DB7EE3}.Release DLL|x64.Build.0 = Release|x64
		{F18F723E-B20B-4B2D-8E00-6DC640DB7EE3}.Release DLL|x86.ActiveCfg = Release|Any CPU
		{F18F723E-B20B-4B2D-8E00-6DC640DB7EE3}.Release DLL|x86.Build.0 = Release|Any CPU
		{F18F723E-B20B-4B2D-8E00-6DC640DB7EE3}.Release|Any CPU.ActiveCfg = Release|Any CPU
		{F18F723E-B20B-4B2D-8E00-6DC640DB7EE3}.Release|Any CPU.Build.0 = Release|Any CPU
		{F18F723E-B20B-4B2D-8E00-6DC640DB7EE3}.Release|x64.ActiveCfg = Release|Any CPU
		{F18F723E-B20B-4B2D-8E00-6DC640DB7EE3}.Release|x86.ActiveCfg = Release|Any CPU
		{F18F723E-B20B-4B2D-8E00-6DC640DB7EE3}.Test|Any CPU.ActiveCfg = Release|Any CPU
		{F18F723E-B20B-4B2D-8E00-6DC640DB7EE3}.Test|Any CPU.Build.0 = Release|Any CPU
		{F18F723E-B20B-4B2D-8E00-6DC640DB7EE3}.Test|x64.ActiveCfg = Release|x64
		{F18F723E-B20B-4B2D-8E00-6DC640DB7EE3}.Test|x64.Build.0 = Release|x64
		{F18F723E-B20B-4B2D-8E00-6DC640DB7EE3}.Test|x86.ActiveCfg = Release|Any CPU
		{F18F723E-B20B-4B2D-8E00-6DC640DB7EE3}.Test|x86.Build.0 = Release|Any CPU
		{F18F723E-B20B-4B2D-8E00-6DC640DB7EE3}.WabbitComp Debug|Any CPU.ActiveCfg = Debug|Any CPU
		{F18F723E-B20B-4B2D-8E00-6DC640DB7EE3}.WabbitComp Debug|Any CPU.Build.0 = Debug|Any CPU
		{F18F723E-B20B-4B2D-8E00-6DC640DB7EE3}.WabbitComp Debug|x64.ActiveCfg = Debug|x64
		{F18F723E-B20B-4B2D-8E00-6DC640DB7EE3}.WabbitComp Debug|x64.Build.0 = Debug|x64
		{F18F723E-B20B-4B2D-8E00-6DC640DB7EE3}.WabbitComp Debug|x86.ActiveCfg = Debug|Any CPU
		{F18F723E-B20B-4B2D-8E00-6DC640DB7EE3}.WabbitComp Debug|x86.Build.0 = Debug|Any CPU
		{F18F723E-B20B-4B2D-8E00-6DC640DB7EE3}.WabbitComp Release|Any CPU.ActiveCfg = Release|Any CPU
		{F18F723E-B20B-4B2D-8E00-6DC640DB7EE3}.WabbitComp Release|Any CPU.Build.0 = Release|Any CPU
		{F18F723E-B20B-4B2D-8E00-6DC640DB7EE3}.WabbitComp Release|x64.ActiveCfg = Release|x64
		{F18F723E-B20B-4B2D-8E00-6DC640DB7EE3}.WabbitComp Release|x64.Build.0 = Release|x64
		{F18F723E-B20B-4B2D-8E00-6DC640DB7EE3}.WabbitComp Release|x86.ActiveCfg = Release|Any CPU
		{F18F723E-B20B-4B2D-8E00-6DC640DB7EE3}.WabbitComp Release|x86.Build.0 = Release|Any CPU
		{F18F723E-B20B-4B2D-8E00-6DC640DB7EE3}.Wabbitemu Release|Any CPU.ActiveCfg = Release|Any CPU
		{F18F723E-B20B-4B2D-8E00-6DC640DB7EE3}.Wabbitemu Release|Any CPU.Build.0 = Release|Any CPU
		{F18F723E-B20B-4B2D-8E00-6DC640DB7EE3}.Wabbitemu Release|x64.ActiveCfg = Release|x64
		{F18F723E-B20B-4B2D-8E00-6DC640DB7EE3}.Wabbitemu Release|x64.Build.0 = Release|x64
		{F18F723E-B20B-4B2D-8E00-6DC640DB7EE3}.Wabbitemu Release|x86.ActiveCfg = Release|Any CPU
		{F18F723E-B20B-4B2D-8E00-6DC640DB7EE3}.Wabbitemu Release|x86.Build.0 = Release|Any CPU
		{F18F723E-B20B-4B2D-8E00-6DC640DB7EE3}.WindowsPhone8|Any CPU.ActiveCfg = Release|Any CPU
		{F18F723E-B20B-4B2D-8E00-6DC640DB7EE3}.WindowsPhone8|Any CPU.Build.0 = Release|Any CPU
		{F18F723E-B20B-4B2D-8E00-6DC640DB7EE3}.WindowsPhone8|x64.ActiveCfg = Release|x64
		{F18F723E-B20B-4B2D-8E00-6DC640DB7EE3}.WindowsPhone8|x64.Build.0 = Release|x64
		{F18F723E-B20B-4B2D-8E00-6DC640DB7EE3}.WindowsPhone8|x86.ActiveCfg = Release|Any CPU
		{F18F723E-B20B-4B2D-8E00-6DC640DB7EE3}.WindowsPhone8|x86.Build.0 = Release|Any CPU
		{106FF797-6997-43F1-88E3-7D6C0D8A6F3F}.Debug DLL|Any CPU.ActiveCfg = Test|Win32
		{106FF797-6997-43F1-88E3-7D6C0D8A6F3F}.Debug DLL|x64.ActiveCfg = Debug|x64
		{106FF797-6997-43F1-88E3-7D6C0D8A6F3F}.Debug DLL|x86.ActiveCfg = Debug|Win32
		{106FF797-6997-43F1-88E3-7D6C0D8A6F3F}.Debug|Any CPU.ActiveCfg = Debug|Win32
		{106FF797-6997-43F1-88E3-7D6C0D8A6F3F}.Debug|x64.ActiveCfg = Debug|x64
		{106FF797-6997-43F1-88E3-7D6C0D8A6F3F}.Debug|x64.Build.0 = Debug|x64
		{106FF797-6997-43F1-88E3-7D6C0D8A6F3F}.Debug|x86.ActiveCfg = Debug|Win32
		{106FF797-6997-43F1-88E3-7D6C0D8A6F3F}.Debug|x86.Build.0 = Debug|Win32
		{106FF797-6997-43F1-88E3-7D6C0D8A6F3F}.Library Debug|Any CPU.ActiveCfg = Test|x64
		{106FF797-6997-43F1-88E3-7D6C0D8A6F3F}.Library Debug|Any CPU.Build.0 = Test|x64
		{106FF797-6997-43F1-88E3-7D6C0D8A6F3F}.Library Debug|x64.ActiveCfg = Debug|x64
		{106FF797-6997-43F1-88E3-7D6C0D8A6F3F}.Library Debug|x64.Build.0 = Debug|x64
		{106FF797-6997-43F1-88E3-7D6C0D8A6F3F}.Library Debug|x86.ActiveCfg = Debug|Win32
		{106FF797-6997-43F1-88E3-7D6C0D8A6F3F}.Library Debug|x86.Build.0 = Debug|Win32
		{106FF797-6997-43F1-88E3-7D6C0D8A6F3F}.Release DLL|Any CPU.ActiveCfg = Test|Win32
		{106FF797-6997-43F1-88E3-7D6C0D8A6F3F}.Release DLL|x64.ActiveCfg = Release|x64
		{106FF797-6997-43F1-88E3-7D6C0D8A6F3F}.Release DLL|x86.ActiveCfg = Release|Win32
		{106FF797-6997-43F1-88E3-7D6C0D8A6F3F}.Release|Any CPU.ActiveCfg = Release|Win32
		{106FF797-6997-43F1-88E3-7D6C0D8A6F3F}.Release|x64.ActiveCfg = Release|x64
		{106FF797-6997-43F1-88E3-7D6C0D8A6F3F}.Release|x64.Build.0 = Release|x64
		{106FF797-6997-43F1-88E3-7D6C0D8A6F3F}.Release|x86.ActiveCfg = Release|Win32
		{106FF797-6997-43F1-88E3-7D6C0D8A6F3F}.Release|x86.Build.0 = Release|Win32
		{106FF797-6997-43F1-88E3-7D6C0D8A6F3F}.Test|Any CPU.ActiveCfg = Test|Win32
		{106FF797-6997-43F1-88E3-7D6C0D8A6F3F}.Test|x64.ActiveCfg = Test|x64
		{106FF797-6997-43F1-88E3-7D6C0D8A6F3F}.Test|x64.Build.0 = Test|x64
		{106FF797-6997-43F1-88E3-7D6C0D8A6F3F}.Test|x86.ActiveCfg = Test|Win32
		{106FF797-6997-43F1-88E3-7D6C0D8A6F3F}.Test|x86.Build.0 = Test|Win32
		{106FF797-6997-43F1-88E3-7D6C0D8A6F3F}.WabbitComp Debug|Any CPU.ActiveCfg = Test|Win32
		{106FF797-6997-43F1-88E3-7D6C0D8A6F3F}.WabbitComp Debug|x64.ActiveCfg = Debug|x64
		{106FF797-6997-43F1-88E3-7D6C0D8A6F3F}.WabbitComp Debug|x86.ActiveCfg = Debug|Win32
		{106FF797-6997-43F1-88E3-7D6C0D8A6F3F}.WabbitComp Release|Any CPU.ActiveCfg = Test|Win32
		{106FF797-6997-43F1-88E3-7D6C0D8A6F3F}.WabbitComp Release|x64.ActiveCfg = Release|x64
		{106FF797-6997-43F1-88E3-7D6C0D8A6F3F}.WabbitComp Release|x86.ActiveCfg = Release|Win32
		{106FF797-6997-43F1-88E3-7D6C0D8A6F3F}.Wabbitemu Release|Any CPU.ActiveCfg = Test|Win32
		{106FF797-6997-43F1-88E3-7D6C0D8A6F3F}.Wabbitemu Release|x64.ActiveCfg = Release|x64
		{106FF797-6997-43F1-88E3-7D6C0D8A6F3F}.Wabbitemu Release|x86.ActiveCfg = Release|Win32
		{106FF797-6997-43F1-88E3-7D6C0D8A6F3F}.WindowsPhone8|Any CPU.ActiveCfg = Test|Win32
		{106FF797-6997-43F1-88E3-7D6C0D8A6F3F}.WindowsPhone8|x64.ActiveCfg = Release|x64
		{106FF797-6997-43F1-88E3-7D6C0D8A6F3F}.WindowsPhone8|x86.ActiveCfg = Test|Win32
		{D81F5C91-D7DB-46E5-BC99-49488FB6814C}.Debug DLL|Any CPU.ActiveCfg = Debug|Any CPU
		{D81F5C91-D7DB-46E5-BC99-49488FB6814C}.Debug DLL|Any CPU.Build.0 = Debug|Any CPU
		{D81F5C91-D7DB-46E5-BC99-49488FB6814C}.Debug DLL|x64.ActiveCfg = Debug|x64
		{D81F5C91-D7DB-46E5-BC99-49488FB6814C}.Debug DLL|x64.Build.0 = Debug|x64
		{D81F5C91-D7DB-46E5-BC99-49488FB6814C}.Debug DLL|x86.ActiveCfg = Debug|Any CPU
		{D81F5C91-D7DB-46E5-BC99-49488FB6814C}.Debug DLL|x86.Build.0 = Debug|Any CPU
		{D81F5C91-D7DB-46E5-BC99-49488FB6814C}.Debug|Any CPU.ActiveCfg = Debug|Any CPU
		{D81F5C91-D7DB-46E5-BC99-49488FB6814C}.Debug|Any CPU.Build.0 = Debug|Any CPU
		{D81F5C91-D7DB-46E5-BC99-49488FB6814C}.Debug|x64.ActiveCfg = Debug|x64
		{D81F5C91-D7DB-46E5-BC99-49488FB6814C}.Debug|x64.Build.0 = Debug|x64
		{D81F5C91-D7DB-46E5-BC99-49488FB6814C}.Debug|x86.ActiveCfg = Debug|Any CPU
		{D81F5C91-D7DB-46E5-BC99-49488FB6814C}.Debug|x86.Build.0 = Debug|Any CPU
		{D81F5C91-D7DB-46E5-BC99-49488FB6814C}.Library Debug|Any CPU.ActiveCfg = Debug|Any CPU
		{D81F5C91-D7DB-46E5-BC99-49488FB6814C}.Library Debug|Any CPU.Build.0 = Debug|Any CPU
		{D81F5C91-D7DB-46E5-BC99-49488FB6814C}.Library Debug|x64.ActiveCfg = Debug|Any CPU
		{D81F5C91-D7DB-46E5-BC99-49488FB6814C}.Library Debug|x64.Build.0 = Debug|Any CPU
		{D81F5C91-D7DB-46E5-BC99-49488FB6814C}.Library Debug|x86.ActiveCfg = Debug|Any CPU
		{D81F5C91-D7DB-46E5-BC99-49488FB6814C}.Library Debug|x86.Build.0 = Debug|Any CPU
		{D81F5C91-D7DB-46E5-BC99-49488FB6814C}.Release DLL|Any CPU.ActiveCfg = Release|Any CPU
		{D81F5C91-D7DB-46E5-BC99-49488FB6814C}.Release DLL|Any CPU.Build.0 = Release|Any CPU
		{D81F5C91-D7DB-46E5-BC99-49488FB6814C}.Release DLL|x64.ActiveCfg = Release|x64
		{D81F5C91-D7DB-46E5-BC99-49488FB6814C}.Release DLL|x64.Build.0 = Release|x64
		{D81F5C91-D7DB-46E5-BC99-49488FB6814C}.Release DLL|x86.ActiveCfg = Release|Any CPU
		{D81F5C91-D7DB-46E5-BC99-49488FB6814C}.Release DLL|x86.Build.0 = Release|Any CPU
		{D81F5C91-D7DB-46E5-BC99-49488FB6814C}.Release|Any CPU.ActiveCfg = Release|Any CPU
		{D81F5C91-D7DB-46E5-BC99-49488FB6814C}.Release|Any CPU.Build.0 = Release|Any CPU
		{D81F5C91-D7DB-46E5-BC99-49488FB6814C}.Release|x64.ActiveCfg = Release|Any CPU
		{D81F5C91-D7DB-46E5-BC99-49488FB6814C}.Release|x64.Build.0 = Release|Any CPU
		{D81F5C91-D7DB-46E5-BC99-49488FB6814C}.Release|x86.ActiveCfg = Release|Any CPU
		{D81F5C91-D7DB-46E5-BC99-49488FB6814C}.Release|x86.Build.0 = Release|Any CPU
		{D81F5C91-D7DB-46E5-BC99-49488FB6814C}.Test|Any CPU.ActiveCfg = Release|Any CPU
		{D81F5C91-D7DB-46E5-BC99-49488FB6814C}.Test|Any CPU.Build.0 = Release|Any CPU
		{D81F5C91-D7DB-46E5-BC99-49488FB6814C}.Test|x64.ActiveCfg = Release|Any CPU
		{D81F5C91-D7DB-46E5-BC99-49488FB6814C}.Test|x64.Build.0 = Release|Any CPU
		{D81F5C91-D7DB-46E5-BC99-49488FB6814C}.Test|x86.ActiveCfg = Release|Any CPU
		{D81F5C91-D7DB-46E5-BC99-49488FB6814C}.Test|x86.Build.0 = Release|Any CPU
		{D81F5C91-D7DB-46E5-BC99-49488FB6814C}.WabbitComp Debug|Any CPU.ActiveCfg = Debug|Any CPU
		{D81F5C91-D7DB-46E5-BC99-49488FB6814C}.WabbitComp Debug|Any CPU.Build.0 = Debug|Any CPU
		{D81F5C91-D7DB-46E5-BC99-49488FB6814C}.WabbitComp Debug|x64.ActiveCfg = Debug|x64
		{D81F5C91-D7DB-46E5-BC99-49488FB6814C}.WabbitComp Debug|x64.Build.0 = Debug|x64
		{D81F5C91-D7DB-46E5-BC99-49488FB6814C}.WabbitComp Debug|x86.ActiveCfg = Debug|Any CPU
		{D81F5C91-D7DB-46E5-BC99-49488FB6814C}.WabbitComp Debug|x86.Build.0 = Debug|Any CPU
		{D81F5C91-D7DB-46E5-BC99-49488FB6814C}.WabbitComp Release|Any CPU.ActiveCfg = Release|Any CPU
		{D81F5C91-D7DB-46E5-BC99-49488FB6814C}.WabbitComp Release|Any CPU.Build.0 = Release|Any CPU
		{D81F5C91-D7DB-46E5-BC99-49488FB6814C}.WabbitComp Release|x64.ActiveCfg = Release|x64
		{D81F5C91-D7DB-46E5-BC99-49488FB6814C}.WabbitComp Release|x64.Build.0 = Release|x64
		{D81F5C91-D7DB-46E5-BC99-49488FB6814C}.WabbitComp Release|x86.ActiveCfg = Release|Any CPU
		{D81F5C91-D7DB-46E5-BC99-49488FB6814C}.WabbitComp Release|x86.Build.0 = Release|Any CPU
		{D81F5C91-D7DB-46E5-BC99-49488FB6814C}.Wabbitemu Release|Any CPU.ActiveCfg = Release|Any CPU
		{D81F5C91-D7DB-46E5-BC99-49488FB6814C}.Wabbitemu Release|Any CPU.Build.0 = Release|Any CPU
		{D81F5C91-D7DB-46E5-BC99-49488FB6814C}.Wabbitemu Release|x64.ActiveCfg = Release|x64
		{D81F5C91-D7DB-46E5-BC99-49488FB6814C}.Wabbitemu Release|x64.Build.0 = Release|x64
		{D81F5C91-D7DB-46E5-BC99-49488FB6814C}.Wabbitemu Release|x86.ActiveCfg = Release|Any CPU
		{D81F5C91-D7DB-46E5-BC99-49488FB6814C}.Wabbitemu Release|x86.Build.0 = Release|Any CPU
		{D81F5C91-D7DB-46E5-BC99-49488FB6814C}.WindowsPhone8|Any CPU.ActiveCfg = Release|Any CPU
		{D81F5C91-D7DB-46E5-BC99-49488FB6814C}.WindowsPhone8|Any CPU.Build.0 = Release|Any CPU
		{D81F5C91-D7DB-46E5-BC99-49488FB6814C}.WindowsPhone8|x64.ActiveCfg = Release|x64
		{D81F5C91-D7DB-46E5-BC99-49488FB6814C}.WindowsPhone8|x64.Build.0 = Release|x64
		{D81F5C91-D7DB-46E5-BC99-49488FB6814C}.WindowsPhone8|x86.ActiveCfg = Release|Any CPU
		{D81F5C91-D7DB-46E5-BC99-49488FB6814C}.WindowsPhone8|x86.Build.0 = Release|Any CPU
		{8FDFD321-C6C3-4FAE-A105-8FE633D397B6}.Debug DLL|Any CPU.ActiveCfg = Debug|Any CPU
		{8FDFD321-C6C3-4FAE-A105-8FE633D397B6}.Debug DLL|Any CPU.Build.0 = Debug|Any CPU
		{8FDFD321-C6C3-4FAE-A105-8FE633D397B6}.Debug DLL|x64.ActiveCfg = Debug|x64
		{8FDFD321-C6C3-4FAE-A105-8FE633D397B6}.Debug DLL|x64.Build.0 = Debug|x64
		{8FDFD321-C6C3-4FAE-A105-8FE633D397B6}.Debug DLL|x86.ActiveCfg = Debug|Any CPU
		{8FDFD321-C6C3-4FAE-A105-8FE633D397B6}.Debug DLL|x86.Build.0 = Debug|Any CPU
		{8FDFD321-C6C3-4FAE-A105-8FE633D397B6}.Debug|Any CPU.ActiveCfg = Debug|Any CPU
		{8FDFD321-C6C3-4FAE-A105-8FE633D397B6}.Debug|Any CPU.Build.0 = Debug|Any CPU
		{8FDFD321-C6C3-4FAE-A105-8FE633D397B6}.Debug|x64.ActiveCfg = Debug|x64
		{8FDFD321-C6C3-4FAE-A105-8FE633D397B6}.Debug|x64.Build.0 = Debug|x64
		{8FDFD321-C6C3-4FAE-A105-8FE633D397B6}.Debug|x86.ActiveCfg = Debug|Any CPU
		{8FDFD321-C6C3-4FAE-A105-8FE633D397B6}.Debug|x86.Build.0 = Debug|Any CPU
		{8FDFD321-C6C3-4FAE-A105-8FE633D397B6}.Library Debug|Any CPU.ActiveCfg = Debug|Any CPU
		{8FDFD321-C6C3-4FAE-A105-8FE633D397B6}.Library Debug|Any CPU.Build.0 = Debug|Any CPU
		{8FDFD321-C6C3-4FAE-A105-8FE633D397B6}.Library Debug|x64.ActiveCfg = Debug|Any CPU
		{8FDFD321-C6C3-4FAE-A105-8FE633D397B6}.Library Debug|x64.Build.0 = Debug|Any CPU
		{8FDFD321-C6C3-4FAE-A105-8FE633D397B6}.Library Debug|x86.ActiveCfg = Debug|Any CPU
		{8FDFD321-C6C3-4FAE-A105-8FE633D397B6}.Library Debug|x86.Build.0 = Debug|Any CPU
		{8FDFD321-C6C3-4FAE-A105-8FE633D397B6}.Release DLL|Any CPU.ActiveCfg = Release|Any CPU
		{8FDFD321-C6C3-4FAE-A105-8FE633D397B6}.Release DLL|Any CPU.Build.0 = Release|Any CPU
		{8FDFD321-C6C3-4FAE-A105-8FE633D397B6}.Release DLL|x64.ActiveCfg = Release|x64
		{8FDFD321-C6C3-4FAE-A105-8FE633D397B6}.Release DLL|x64.Build.0 = Release|x64
		{8FDFD321-C6C3-4FAE-A105-8FE633D397B6}.Release DLL|x86.ActiveCfg = Release|Any CPU
		{8FDFD321-C6C3-4FAE-A105-8FE633D397B6}.Release DLL|x86.Build.0 = Release|Any CPU
		{8FDFD321-C6C3-4FAE-A105-8FE633D397B6}.Release|Any CPU.ActiveCfg = Release|Any CPU
		{8FDFD321-C6C3-4FAE-A105-8FE633D397B6}.Release|Any CPU.Build.0 = Release|Any CPU
		{8FDFD321-C6C3-4FAE-A105-8FE633D397B6}.Release|x64.ActiveCfg = Release|Any CPU
		{8FDFD321-C6C3-4FAE-A105-8FE633D397B6}.Release|x64.Build.0 = Release|Any CPU
		{8FDFD321-C6C3-4FAE-A105-8FE633D397B6}.Release|x86.ActiveCfg = Release|Any CPU
		{8FDFD321-C6C3-4FAE-A105-8FE633D397B6}.Release|x86.Build.0 = Release|Any CPU
		{8FDFD321-C6C3-4FAE-A105-8FE633D397B6}.Test|Any CPU.ActiveCfg = Release|Any CPU
		{8FDFD321-C6C3-4FAE-A105-8FE633D397B6}.Test|Any CPU.Build.0 = Release|Any CPU
		{8FDFD321-C6C3-4FAE-A105-8FE633D397B6}.Test|x64.ActiveCfg = Release|Any CPU
		{8FDFD321-C6C3-4FAE-A105-8FE633D397B6}.Test|x64.Build.0 = Release|Any CPU
		{8FDFD321-C6C3-4FAE-A105-8FE633D397B6}.Test|x86.ActiveCfg = Release|Any CPU
		{8FDFD321-C6C3-4FAE-A105-8FE633D397B6}.Test|x86.Build.0 = Release|Any CPU
		{8FDFD321-C6C3-4FAE-A105-8FE633D397B6}.WabbitComp Debug|Any CPU.ActiveCfg = Debug|Any CPU
		{8FDFD321-C6C3-4FAE-A105-8FE633D397B6}.WabbitComp Debug|Any CPU.Build.0 = Debug|Any CPU
		{8FDFD321-C6C3-4FAE-A105-8FE633D397B6}.WabbitComp Debug|x64.ActiveCfg = Debug|x64
		{8FDFD321-C6C3-4FAE-A105-8FE633D397B6}.WabbitComp Debug|x64.Build.0 = Debug|x64
		{8FDFD321-C6C3-4FAE-A105-8FE633D397B6}.WabbitComp Debug|x86.ActiveCfg = Debug|Any CPU
		{8FDFD321-C6C3-4FAE-A105-8FE633D397B6}.WabbitComp Debug|x86.Build.0 = Debug|Any CPU
		{8FDFD321-C6C3-4FAE-A105-8FE633D397B6}.WabbitComp Release|Any CPU.ActiveCfg = Release|Any CPU
		{8FDFD321-C6C3-4FAE-A105-8FE633D397B6}.WabbitComp Release|Any CPU.Build.0 = Release|Any CPU
		{8FDFD321-C6C3-4FAE-A105-8FE633D397B6}.WabbitComp Release|x64.ActiveCfg = Release|x64
		{8FDFD321-C6C3-4FAE-A105-8FE633D397B6}.WabbitComp Release|x64.Build.0 = Release|x64
		{8FDFD321-C6C3-4FAE-A105-8FE633D397B6}.WabbitComp Release|x86.ActiveCfg = Release|Any CPU
		{8FDFD321-C6C3-4FAE-A105-8FE633D397B6}.WabbitComp Release|x86.Build.0 = Release|Any CPU
		{8FDFD321-C6C3-4FAE-A105-8FE633D397B6}.Wabbitemu Release|Any CPU.ActiveCfg = Release|Any CPU
		{8FDFD321-C6C3-4FAE-A105-8FE633D397B6}.Wabbitemu Release|Any CPU.Build.0 = Release|Any CPU
		{8FDFD321-C6C3-4FAE-A105-8FE633D397B6}.Wabbitemu Release|x64.ActiveCfg = Release|x64
		{8FDFD321-C6C3-4FAE-A105-8FE633D397B6}.Wabbitemu Release|x64.Build.0 = Release|x64
		{8FDFD321-C6C3-4FAE-A105-8FE633D397B6}.Wabbitemu Release|x86.ActiveCfg = Release|Any CPU
		{8FDFD321-C6C3-4FAE-A105-8FE633D397B6}.Wabbitemu Release|x86.Build.0 = Release|Any CPU
		{8FDFD321-C6C3-4FAE-A105-8FE633D397B6}.WindowsPhone8|Any CPU.ActiveCfg = Release|Any CPU
		{8FDFD321-C6C3-4FAE-A105-8FE633D397B6}.WindowsPhone8|Any CPU.Build.0 = Release|Any CPU
		{8FDFD321-C6C3-4FAE-A105-8FE633D397B6}.WindowsPhone8|x64.ActiveCfg = Release|x64
		{8FDFD321-C6C3-4FAE-A105-8FE633D397B6}.WindowsPhone8|x64.Build.0 = Release|x64
		{8FDFD321-C6C3-4FAE-A105-8FE633D397B6}.WindowsPhone8|x86.ActiveCfg = Release|Any CPU
		{8FDFD321-C6C3-4FAE-A105-8FE633D397B6}.WindowsPhone8|x86.Build.0 = Release|Any CPU
		{9472BBF2-0E54-43DD-B1E7-E4F9BBC1FCDB}.Debug DLL|Any CPU.ActiveCfg = Debug DLL|Win32
		{9472BBF2-0E54-43DD-B1E7-E4F9BBC1FCDB}.Debug DLL|x64.ActiveCfg = Debug DLL|x64
		{9472BBF2-0E54-43DD-B1E7-E4F9BBC1FCDB}.Debug DLL|x64.Build.0 = Debug DLL|x64
		{9472BBF2-0E54-43DD-B1E7-E4F9BBC1FCDB}.Debug DLL|x86.ActiveCfg = Debug DLL|Win32
		{9472BBF2-0E54-43DD-B1E7-E4F9BBC1FCDB}.Debug DLL|x86.Build.0 = Debug DLL|Win32
		{9472BBF2-0E54-43DD-B1E7-E4F9BBC1FCDB}.Debug|Any CPU.ActiveCfg = Debug|Win32
		{9472BBF2-0E54-43DD-B1E7-E4F9BBC1FCDB}.Debug|x64.ActiveCfg = Debug|x64
		{9472BBF2-0E54-43DD-B1E7-E4F9BBC1FCDB}.Debug|x64.Build.0 = Debug|x64
		{9472BBF2-0E54-43DD-B1E7-E4F9BBC1FCDB}.Debug|x86.ActiveCfg = Debug|Win32
		{9472BBF2-0E54-43DD-B1E7-E4F9BBC1FCDB}.Debug|x86.Build.0 = Debug|Win32
		{9472BBF2-0E54-43DD-B1E7-E4F9BBC1FCDB}.Library Debug|Any CPU.ActiveCfg = Wabbitemu Release|x64
		{9472BBF2-0E54-43DD-B1E7-E4F9BBC1FCDB}.Library Debug|Any CPU.Build.0 = Wabbitemu Release|x64
		{9472BBF2-0E54-43DD-B1E7-E4F9BBC1FCDB}.Library Debug|x64.ActiveCfg = Debug|x64
		{9472BBF2-0E54-43DD-B1E7-E4F9BBC1FCDB}.Library Debug|x64.Build.0 = Debug|x64
		{9472BBF2-0E54-43DD-B1E7-E4F9BBC1FCDB}.Library Debug|x86.ActiveCfg = Debug|Win32
		{9472BBF2-0E54-43DD-B1E7-E4F9BBC1FCDB}.Library Debug|x86.Build.0 = Debug|Win32
		{9472BBF2-0E54-43DD-B1E7-E4F9BBC1FCDB}.Release DLL|Any CPU.ActiveCfg = Release DLL|Win32
		{9472BBF2-0E54-43DD-B1E7-E4F9BBC1FCDB}.Release DLL|x64.ActiveCfg = Release DLL|x64
		{9472BBF2-0E54-43DD-B1E7-E4F9BBC1FCDB}.Release DLL|x64.Build.0 = Release DLL|x64
		{9472BBF2-0E54-43DD-B1E7-E4F9BBC1FCDB}.Release DLL|x86.ActiveCfg = Release DLL|Win32
		{9472BBF2-0E54-43DD-B1E7-E4F9BBC1FCDB}.Release DLL|x86.Build.0 = Release DLL|Win32
		{9472BBF2-0E54-43DD-B1E7-E4F9BBC1FCDB}.Release|Any CPU.ActiveCfg = Release|Win32
		{9472BBF2-0E54-43DD-B1E7-E4F9BBC1FCDB}.Release|x64.ActiveCfg = Release|x64
		{9472BBF2-0E54-43DD-B1E7-E4F9BBC1FCDB}.Release|x64.Build.0 = Release|x64
		{9472BBF2-0E54-43DD-B1E7-E4F9BBC1FCDB}.Release|x86.ActiveCfg = Release|Win32
		{9472BBF2-0E54-43DD-B1E7-E4F9BBC1FCDB}.Release|x86.Build.0 = Release|Win32
		{9472BBF2-0E54-43DD-B1E7-E4F9BBC1FCDB}.Test|Any CPU.ActiveCfg = Wabbitemu Release|x64
		{9472BBF2-0E54-43DD-B1E7-E4F9BBC1FCDB}.Test|Any CPU.Build.0 = Wabbitemu Release|x64
		{9472BBF2-0E54-43DD-B1E7-E4F9BBC1FCDB}.Test|x64.ActiveCfg = Wabbitemu Release|x64
		{9472BBF2-0E54-43DD-B1E7-E4F9BBC1FCDB}.Test|x64.Build.0 = Wabbitemu Release|x64
		{9472BBF2-0E54-43DD-B1E7-E4F9BBC1FCDB}.Test|x86.ActiveCfg = Wabbitemu Release|Win32
		{9472BBF2-0E54-43DD-B1E7-E4F9BBC1FCDB}.Test|x86.Build.0 = Wabbitemu Release|Win32
		{9472BBF2-0E54-43DD-B1E7-E4F9BBC1FCDB}.WabbitComp Debug|Any CPU.ActiveCfg = WabbitComp Debug|Win32
		{9472BBF2-0E54-43DD-B1E7-E4F9BBC1FCDB}.WabbitComp Debug|x64.ActiveCfg = WabbitComp Debug|x64
		{9472BBF2-0E54-43DD-B1E7-E4F9BBC1FCDB}.WabbitComp Debug|x64.Build.0 = WabbitComp Debug|x64
		{9472BBF2-0E54-43DD-B1E7-E4F9BBC1FCDB}.WabbitComp Debug|x86.ActiveCfg = WabbitComp Debug|Win32
		{9472BBF2-0E54-43DD-B1E7-E4F9BBC1FCDB}.WabbitComp Debug|x86.Build.0 = WabbitComp Debug|Win32
		{9472BBF2-0E54-43DD-B1E7-E4F9BBC1FCDB}.WabbitComp Release|Any CPU.ActiveCfg = WabbitComp Release|Win32
		{9472BBF2-0E54-43DD-B1E7-E4F9BBC1FCDB}.WabbitComp Release|x64.ActiveCfg = WabbitComp Release|x64
		{9472BBF2-0E54-43DD-B1E7-E4F9BBC1FCDB}.WabbitComp Release|x64.Build.0 = WabbitComp Release|x64
		{9472BBF2-0E54-43DD-B1E7-E4F9BBC1FCDB}.WabbitComp Release|x86.ActiveCfg = WabbitComp Release|Win32
		{9472BBF2-0E54-43DD-B1E7-E4F9BBC1FCDB}.WabbitComp Release|x86.Build.0 = WabbitComp Release|Win32
		{9472BBF2-0E54-43DD-B1E7-E4F9BBC1FCDB}.Wabbitemu Release|Any CPU.ActiveCfg = Wabbitemu Release|Win32
		{9472BBF2-0E54-43DD-B1E7-E4F9BBC1FCDB}.Wabbitemu Release|x64.ActiveCfg = Wabbitemu Release|x64
		{9472BBF2-0E54-43DD-B1E7-E4F9BBC1FCDB}.Wabbitemu Release|x64.Build.0 = Wabbitemu Release|x64
		{9472BBF2-0E54-43DD-B1E7-E4F9BBC1FCDB}.Wabbitemu Release|x86.ActiveCfg = Wabbitemu Release|Win32
		{9472BBF2-0E54-43DD-B1E7-E4F9BBC1FCDB}.Wabbitemu Release|x86.Build.0 = Wabbitemu Release|Win32
		{9472BBF2-0E54-43DD-B1E7-E4F9BBC1FCDB}.WindowsPhone8|Any CPU.ActiveCfg = WindowsPhone8|Win32
		{9472BBF2-0E54-43DD-B1E7-E4F9BBC1FCDB}.WindowsPhone8|x64.ActiveCfg = WindowsPhone8|x64
		{9472BBF2-0E54-43DD-B1E7-E4F9BBC1FCDB}.WindowsPhone8|x64.Build.0 = WindowsPhone8|x64
		{9472BBF2-0E54-43DD-B1E7-E4F9BBC1FCDB}.WindowsPhone8|x86.ActiveCfg = WindowsPhone8|Win32
		{9472BBF2-0E54-43DD-B1E7-E4F9BBC1FCDB}.WindowsPhone8|x86.Build.0 = WindowsPhone8|Win32
	EndGlobalSection
	GlobalSection(SolutionProperties) = preSolution
		HideSolutionNode = FALSE
	EndGlobalSection
	GlobalSection(ExtensibilityGlobals) = postSolution
		SolutionGuid = {DC19A7DE-7196-45D6-B6B2-0B980775DF02}
	EndGlobalSection
EndGlobal
